{
  "pins" : [
    {
      "identity" : "swift-currencies",
      "kind" : "remoteSourceControl",
      "location" : "git@github.com:paylike/swift-currencies.git",
      "state" : {
        "revision" : "ae32c4ddaae8854eda28d485993f4237eb601dc5",
        "version" : "0.4.0"
      }
    }
  ],
  "version" : 2
}
